
Microsoft Visual Studio Solution File, Format Version 12.00
# Visual Studio Version 17
VisualStudioVersion = 17.0.31903.59
MinimumVisualStudioVersion = 10.0.40219.1
Project("{FAE04EC0-301F-11D3-BF4B-00C04F79EFBC}") = "API", "API\API.csproj", "{9111AECC-4A85-4066-AFB0-E84451D4B764}"
EndProject
Project("{FAE04EC0-301F-11D3-BF4B-00C04F79EFBC}") = "Application", "Application\Application.csproj", "{245B0C28-E32A-4349-A4DD-48D9AD5EB1DD}"
EndProject
Project("{FAE04EC0-301F-11D3-BF4B-00C04F79EFBC}") = "Domain", "Domain\Domain.csproj", "{7A606207-9E80-4799-A330-03C9F64587F5}"
EndProject
Project("{FAE04EC0-301F-11D3-BF4B-00C04F79EFBC}") = "Persistence", "Persistence\Persistence.csproj", "{8D867085-9A6C-444F-A49E-E06E4DB0B32F}"
EndProject
Project("{FAE04EC0-301F-11D3-BF4B-00C04F79EFBC}") = "Infrastructure", "Infrastructure\Infrastructure.csproj", "{1F36908E-44A1-4577-BC4B-32BE8E174939}"
EndProject
Global
	GlobalSection(SolutionConfigurationPlatforms) = preSolution
		Debug|Any CPU = Debug|Any CPU
		Release|Any CPU = Release|Any CPU
	EndGlobalSection
	GlobalSection(SolutionProperties) = preSolution
		HideSolutionNode = FALSE
	EndGlobalSection
	GlobalSection(ProjectConfigurationPlatforms) = postSolution
		{9111AECC-4A85-4066-AFB0-E84451D4B764}.Debug|Any CPU.ActiveCfg = Debug|Any CPU
		{9111AECC-4A85-4066-AFB0-E84451D4B764}.Debug|Any CPU.Build.0 = Debug|Any CPU
		{9111AECC-4A85-4066-AFB0-E84451D4B764}.Release|Any CPU.ActiveCfg = Release|Any CPU
		{9111AECC-4A85-4066-AFB0-E84451D4B764}.Release|Any CPU.Build.0 = Release|Any CPU
		{245B0C28-E32A-4349-A4DD-48D9AD5EB1DD}.Debug|Any CPU.ActiveCfg = Debug|Any CPU
		{245B0C28-E32A-4349-A4DD-48D9AD5EB1DD}.Debug|Any CPU.Build.0 = Debug|Any CPU
		{245B0C28-E32A-4349-A4DD-48D9AD5EB1DD}.Release|Any CPU.ActiveCfg = Release|Any CPU
		{245B0C28-E32A-4349-A4DD-48D9AD5EB1DD}.Release|Any CPU.Build.0 = Release|Any CPU
		{7A606207-9E80-4799-A330-03C9F64587F5}.Debug|Any CPU.ActiveCfg = Debug|Any CPU
		{7A606207-9E80-4799-A330-03C9F64587F5}.Debug|Any CPU.Build.0 = Debug|Any CPU
		{7A606207-9E80-4799-A330-03C9F64587F5}.Release|Any CPU.ActiveCfg = Release|Any CPU
		{7A606207-9E80-4799-A330-03C9F64587F5}.Release|Any CPU.Build.0 = Release|Any CPU
		{8D867085-9A6C-444F-A49E-E06E4DB0B32F}.Debug|Any CPU.ActiveCfg = Debug|Any CPU
		{8D867085-9A6C-444F-A49E-E06E4DB0B32F}.Debug|Any CPU.Build.0 = Debug|Any CPU
		{8D867085-9A6C-444F-A49E-E06E4DB0B32F}.Release|Any CPU.ActiveCfg = Release|Any CPU
		{8D867085-9A6C-444F-A49E-E06E4DB0B32F}.Release|Any CPU.Build.0 = Release|Any CPU
		{1F36908E-44A1-4577-BC4B-32BE8E174939}.Debug|Any CPU.ActiveCfg = Debug|Any CPU
		{1F36908E-44A1-4577-BC4B-32BE8E174939}.Debug|Any CPU.Build.0 = Debug|Any CPU
		{1F36908E-44A1-4577-BC4B-32BE8E174939}.Release|Any CPU.ActiveCfg = Release|Any CPU
		{1F36908E-44A1-4577-BC4B-32BE8E174939}.Release|Any CPU.Build.0 = Release|Any CPU
	EndGlobalSection
EndGlobal
